lockfileVersion: 5.4

specifiers:
  tiddlywiki: ^5.1.22

dependencies:
  tiddlywiki: registry.npmmirror.com/tiddlywiki/5.2.5

packages:

  registry.npmmirror.com/tiddlywiki/5.2.5:
    resolution: {integrity: sha512-Xfq9NHxAwg2UvCimbtZWWqZyfUpVyq1w+tfb0vMrx3wyWK3VZD1hogJTN1a5qBNyvD9d+WmpZkCw/xN5smRzLQ==, registry: https://registry.npm.taobao.org/, tarball: https://registry.npmmirror.com/tiddlywiki/-/tiddlywiki-5.2.5.tgz}
    name: tiddlywiki
    version: 5.2.5
    engines: {node: '>=0.8.2'}
    hasBin: true
    dev: false
    bundledDependencies: []
